
Microsoft Visual Studio Solution File, Format Version 12.00
# Visual Studio Version 17
VisualStudioVersion = 17.5.33424.131
MinimumVisualStudioVersion = 10.0.40219.1
Project("{54A90642-561A-4BB1-A94E-469ADEE60C69}") = "socket-io", "socket-io\socket-io.esproj", "{686FB4B9-7089-4D20-A5A7-3FAFF0B95F6B}"
EndProject
Global
	GlobalSection(SolutionConfigurationPlatforms) = preSolution
		Debug|Any CPU = Debug|Any CPU
		Release|Any CPU = Release|Any CPU
	EndGlobalSection
	GlobalSection(ProjectConfigurationPlatforms) = postSolution
		{686FB4B9-7089-4D20-A5A7-3FAFF0B95F6B}.Debug|Any CPU.ActiveCfg = Debug|Any CPU
		{686FB4B9-7089-4D20-A5A7-3FAFF0B95F6B}.Debug|Any CPU.Build.0 = Debug|Any CPU
		{686FB4B9-7089-4D20-A5A7-3FAFF0B95F6B}.Debug|Any CPU.Deploy.0 = Debug|Any CPU
		{686FB4B9-7089-4D20-A5A7-3FAFF0B95F6B}.Release|Any CPU.ActiveCfg = Release|Any CPU
		{686FB4B9-7089-4D20-A5A7-3FAFF0B95F6B}.Release|Any CPU.Build.0 = Release|Any CPU
		{686FB4B9-7089-4D20-A5A7-3FAFF0B95F6B}.Release|Any CPU.Deploy.0 = Release|Any CPU
	EndGlobalSection
	GlobalSection(SolutionProperties) = preSolution
		HideSolutionNode = FALSE
	EndGlobalSection
	GlobalSection(ExtensibilityGlobals) = postSolution
		SolutionGuid = {BA3EEFEB-A995-40EC-B768-707D32FEA1BB}
	EndGlobalSection
EndGlobal
